
Microsoft Visual Studio Solution File, Format Version 12.00
Project("{F2A71F9B-5D33-465A-A702-920D77279786}") = "TestTempTable", "TestTempTable.fsproj", "{C85139F7-D166-462E-9CF4-7013F9084205}"
EndProject
Global
	GlobalSection(SolutionConfigurationPlatforms) = preSolution
		Debug|Any CPU = Debug|Any CPU
		Release|Any CPU = Release|Any CPU
	EndGlobalSection
	GlobalSection(ProjectConfigurationPlatforms) = postSolution
		{C85139F7-D166-462E-9CF4-7013F9084205}.Debug|Any CPU.ActiveCfg = Debug|Any CPU
		{C85139F7-D166-462E-9CF4-7013F9084205}.Debug|Any CPU.Build.0 = Debug|Any CPU
		{C85139F7-D166-462E-9CF4-7013F9084205}.Release|Any CPU.ActiveCfg = Release|Any CPU
		{C85139F7-D166-462E-9CF4-7013F9084205}.Release|Any CPU.Build.0 = Release|Any CPU
	EndGlobalSection
EndGlobal
